
Microsoft Visual Studio Solution File, Format Version 12.00
# Visual Studio 15
VisualStudioVersion = 15.0.28307.572
MinimumVisualStudioVersion = 10.0.40219.1
Project("{8BC9CEB8-8B4A-11D0-8D11-00A0C91BC942}") = "01. Output", "01. Output.vcxproj", "{F01DD4EC-BB4E-407E-86DB-C262527EE49D}"
EndProject
Global
	GlobalSection(SolutionConfigurationPlatforms) = preSolution
		Debug|x64 = Debug|x64
		Debug|x86 = Debug|x86
		Release|x64 = Release|x64
		Release|x86 = Release|x86
	EndGlobalSection
	GlobalSection(ProjectConfigurationPlatforms) = postSolution
		{F01DD4EC-BB4E-407E-86DB-C262527EE49D}.Debug|x64.ActiveCfg = Debug|x64
		{F01DD4EC-BB4E-407E-86DB-C262527EE49D}.Debug|x64.Build.0 = Debug|x64
		{F01DD4EC-BB4E-407E-86DB-C262527EE49D}.Debug|x86.ActiveCfg = Debug|Win32
		{F01DD4EC-BB4E-407E-86DB-C262527EE49D}.Debug|x86.Build.0 = Debug|Win32
		{F01DD4EC-BB4E-407E-86DB-C262527EE49D}.Release|x64.ActiveCfg = Release|x64
		{F01DD4EC-BB4E-407E-86DB-C262527EE49D}.Release|x64.Build.0 = Release|x64
		{F01DD4EC-BB4E-407E-86DB-C262527EE49D}.Release|x86.ActiveCfg = Release|Win32
		{F01DD4EC-BB4E-407E-86DB-C262527EE49D}.Release|x86.Build.0 = Release|Win32
	EndGlobalSection
	GlobalSection(SolutionProperties) = preSolution
		HideSolutionNode = FALSE
	EndGlobalSection
	GlobalSection(ExtensibilityGlobals) = postSolution
		SolutionGuid = {57DCDA05-FAFF-46E1-8C1A-D55A0B97C610}
	EndGlobalSection
EndGlobal
